---
- - spec/fixtures/repos/cljs/cljs-lein-npm-example
  - 00244ba91e1d8d8c0d4c32abf369d69df1b02c01
- - spec/fixtures/repos/cljs/cljs-nodejs-example
  - f7e8c0d4a2eb59caa4788c8bf47b02c85110210e
- - spec/fixtures/repos/cljs/clojurescript-example
  - 703fc4436bdca02c6dd69a535ca0b1ff0d56cc68
- - spec/fixtures/repos/compojure/clojure-minimal
  - 023a2315b61bccaaa83a1acb1cb4b571bfbe18c2
- - spec/fixtures/repos/immutant/immutant-feature-demo
  - d4ff28d348ab03810baa5a2d56280c55981d6b5f
